
Microsoft Visual Studio Solution File, Format Version 12.00
# Visual Studio Version 16
VisualStudioVersion = 16.0.29926.136
MinimumVisualStudioVersion = 10.0.40219.1
Project("{FAE04EC0-301F-11D3-BF4B-00C04F79EFBC}") = "BillingWeb", "BillingWeb\BillingWeb.csproj", "{C929C810-D3BD-45F2-90EC-8441887010AD}"
EndProject
Global
	GlobalSection(SolutionConfigurationPlatforms) = preSolution
		Debug|Any CPU = Debug|Any CPU
		Release|Any CPU = Release|Any CPU
	EndGlobalSection
	GlobalSection(ProjectConfigurationPlatforms) = postSolution
		{C929C810-D3BD-45F2-90EC-8441887010AD}.Debug|Any CPU.ActiveCfg = Debug|Any CPU
		{C929C810-D3BD-45F2-90EC-8441887010AD}.Debug|Any CPU.Build.0 = Debug|Any CPU
		{C929C810-D3BD-45F2-90EC-8441887010AD}.Release|Any CPU.ActiveCfg = Release|Any CPU
		{C929C810-D3BD-45F2-90EC-8441887010AD}.Release|Any CPU.Build.0 = Release|Any CPU
	EndGlobalSection
	GlobalSection(SolutionProperties) = preSolution
		HideSolutionNode = FALSE
	EndGlobalSection
	GlobalSection(ExtensibilityGlobals) = postSolution
		SolutionGuid = {68EFEBA8-773E-4518-A8FD-505B005A4996}
	EndGlobalSection
EndGlobal
